
Microsoft Visual Studio Solution File, Format Version 12.00
# Visual Studio 15
VisualStudioVersion = 15.0.27004.2005
MinimumVisualStudioVersion = 10.0.40219.1
Project("{FAE04EC0-301F-11D3-BF4B-00C04F79EFBC}") = "MvcMovie_150221056", "MvcMovie_150221056\MvcMovie_150221056.csproj", "{CD8C0702-4D85-4721-AB45-CE65BE861AE2}"
EndProject
Global
	GlobalSection(SolutionConfigurationPlatforms) = preSolution
		Debug|Any CPU = Debug|Any CPU
		Release|Any CPU = Release|Any CPU
	EndGlobalSection
	GlobalSection(ProjectConfigurationPlatforms) = postSolution
		{CD8C0702-4D85-4721-AB45-CE65BE861AE2}.Debug|Any CPU.ActiveCfg = Debug|Any CPU
		{CD8C0702-4D85-4721-AB45-CE65BE861AE2}.Debug|Any CPU.Build.0 = Debug|Any CPU
		{CD8C0702-4D85-4721-AB45-CE65BE861AE2}.Release|Any CPU.ActiveCfg = Release|Any CPU
		{CD8C0702-4D85-4721-AB45-CE65BE861AE2}.Release|Any CPU.Build.0 = Release|Any CPU
	EndGlobalSection
	GlobalSection(SolutionProperties) = preSolution
		HideSolutionNode = FALSE
	EndGlobalSection
	GlobalSection(ExtensibilityGlobals) = postSolution
		SolutionGuid = {7E318154-991B-4BD8-BA96-E9AE034AFA27}
	EndGlobalSection
EndGlobal
